{
  "version": 4,
  "terraform_version": "1.13.3",
  "serial": 12,
  "lineage": "7bb5cad0-cfff-833d-fed1-40d39aa481ab",
  "outputs": {
    "mysql_admin_user": {
      "value": "hamza",
      "type": "string",
      "sensitive": true
    },
    "mysql_database_name": {
      "value": "dbtest1",
      "type": "string"
    },
    "mysql_server_fqdn": {
      "value": "mysql-server-hamza-001.mysql.database.azure.com",
      "type": "string"
    },
    "mysql_server_name": {
      "value": "mysql-server-hamza-001",
      "type": "string"
    },
    "web_app_name": {
      "value": "hamza-webapp-2025",
      "type": "string"
    },
    "web_app_url": {
      "value": "https://hamza-webapp-2025.azurewebsites.net",
      "type": "string"
    }
  },
  "resources": [
    {
      "mode": "managed",
      "type": "azurerm_linux_web_app",
      "name": "web_app",
      "provider": "provider[\"registry.terraform.io/hashicorp/azurerm\"]",
      "instances": [
        {
          "schema_version": 1,
          "attributes": {
            "app_settings": {
              "MYSQL_DB": "dbtest1",
              "MYSQL_HOST": "mysql-server-hamza-001.mysql.database.azure.com",
              "MYSQL_PASSWORD": "Hamza@123321",
              "MYSQL_USER": "hamza@mysql-server-hamza-001"
            },
            "auth_settings": [],
            "auth_settings_v2": [],
            "backup": [],
            "client_affinity_enabled": true,
            "client_certificate_enabled": false,
            "client_certificate_exclusion_paths": "",
            "client_certificate_mode": "Required",
            "connection_string": [],
            "custom_domain_verification_id": "CEED24E920929D7B434A02467AFA2BF10B354FAE4E017C75FC75F7554CF45428",
            "default_hostname": "hamza-webapp-2025.azurewebsites.net",
            "enabled": true,
            "ftp_publish_basic_authentication_enabled": false,
            "hosting_environment_id": "",
            "https_only": true,
            "id": "/subscriptions/6fc13d10-c1bf-4274-8d91-68859a20ab08/resourceGroups/rg-test-infra/providers/Microsoft.Web/sites/hamza-webapp-2025",
            "identity": [],
            "key_vault_reference_identity_id": "SystemAssigned",
            "kind": "app,linux",
            "location": "francecentral",
            "logs": [],
            "name": "hamza-webapp-2025",
            "outbound_ip_address_list": [
              "4.233.19.193",
              "4.233.19.219",
              "4.233.19.227",
              "4.233.19.237",
              "4.233.20.23",
              "4.233.20.31",
              "4.233.18.149",
              "4.233.18.160",
              "4.233.18.184",
              "4.233.18.191",
              "4.233.18.194",
              "4.233.18.208",
              "20.111.1.13"
            ],
            "outbound_ip_addresses": "4.233.19.193,4.233.19.219,4.233.19.227,4.233.19.237,4.233.20.23,4.233.20.31,4.233.18.149,4.233.18.160,4.233.18.184,4.233.18.191,4.233.18.194,4.233.18.208,20.111.1.13",
            "possible_outbound_ip_address_list": [
              "4.233.19.193",
              "4.233.19.219",
              "4.233.19.227",
              "4.233.19.237",
              "4.233.20.23",
              "4.233.20.31",
              "4.233.18.149",
              "4.233.18.160",
              "4.233.18.184",
              "4.233.18.191",
              "4.233.18.194",
              "4.233.18.208",
              "4.233.18.210",
              "4.233.18.212",
              "4.233.18.254",
              "4.233.19.23",
              "4.233.17.109",
              "4.233.19.33",
              "4.233.19.103",
              "4.233.19.119",
              "4.233.19.124",
              "4.233.19.146",
              "4.233.19.171",
              "4.233.19.182",
              "4.233.20.53",
              "4.233.20.54",
              "4.233.20.64",
              "4.233.20.76",
              "4.233.20.103",
              "4.233.20.109",
              "20.111.1.13"
            ],
            "possible_outbound_ip_addresses": "4.233.19.193,4.233.19.219,4.233.19.227,4.233.19.237,4.233.20.23,4.233.20.31,4.233.18.149,4.233.18.160,4.233.18.184,4.233.18.191,4.233.18.194,4.233.18.208,4.233.18.210,4.233.18.212,4.233.18.254,4.233.19.23,4.233.17.109,4.233.19.33,4.233.19.103,4.233.19.119,4.233.19.124,4.233.19.146,4.233.19.171,4.233.19.182,4.233.20.53,4.233.20.54,4.233.20.64,4.233.20.76,4.233.20.103,4.233.20.109,20.111.1.13",
            "public_network_access_enabled": true,
            "resource_group_name": "rg-test-infra",
            "service_plan_id": "/subscriptions/6fc13d10-c1bf-4274-8d91-68859a20ab08/resourceGroups/rg-test-infra/providers/Microsoft.Web/serverFarms/mig-plan1",
            "site_config": [
              {
                "always_on": true,
                "api_definition_url": "",
                "api_management_api_id": "",
                "app_command_line": "\n\n",
                "application_stack": [
                  {
                    "docker_image_name": "",
                    "docker_registry_password": "",
                    "docker_registry_url": "",
                    "docker_registry_username": "",
                    "dotnet_version": "",
                    "go_version": "",
                    "java_server": "",
                    "java_server_version": "",
                    "java_version": "",
                    "node_version": "20-lts",
                    "php_version": "",
                    "python_version": "",
                    "ruby_version": ""
                  }
                ],
                "auto_heal_setting": [],
                "container_registry_managed_identity_client_id": "",
                "container_registry_use_managed_identity": false,
                "cors": [],
                "default_documents": [
                  "Default.htm",
                  "Default.html",
                  "Default.asp",
                  "index.htm",
                  "index.html",
                  "iisstart.htm",
                  "default.aspx",
                  "index.php",
                  "hostingstart.html"
                ],
                "detailed_error_logging_enabled": false,
                "ftps_state": "FtpsOnly",
                "health_check_eviction_time_in_min": 5,
                "health_check_path": "/health",
                "http2_enabled": true,
                "ip_restriction": [],
                "ip_restriction_default_action": "Allow",
                "linux_fx_version": "NODE|20-lts",
                "load_balancing_mode": "LeastRequests",
                "local_mysql_enabled": false,
                "managed_pipeline_mode": "Integrated",
                "minimum_tls_version": "1.2",
                "remote_debugging_enabled": false,
                "remote_debugging_version": "VS2022",
                "scm_ip_restriction": [],
                "scm_ip_restriction_default_action": "Allow",
                "scm_minimum_tls_version": "1.2",
                "scm_type": "None",
                "scm_use_main_ip_restriction": false,
                "use_32_bit_worker": true,
                "vnet_route_all_enabled": false,
                "websockets_enabled": false,
                "worker_count": 1
              }
            ],
            "site_credential": [
              {
                "name": "$hamza-webapp-2025",
                "password": "h70cfW8dEaZp4fgpgwbTsalAJrXDYujXKyFES1mcutpimekBW80bBHufSw2Y"
              }
            ],
            "sticky_settings": [],
            "storage_account": [],
            "tags": {
              "created by ": "hssaini hamza"
            },
            "timeouts": null,
            "virtual_network_backup_restore_enabled": false,
            "virtual_network_subnet_id": "",
            "vnet_image_pull_enabled": false,
            "webdeploy_publish_basic_authentication_enabled": true,
            "zip_deploy_file": ""
          },
          "sensitive_attributes": [
            [
              {
                "type": "get_attr",
                "value": "app_settings"
              },
              {
                "type": "index",
                "value": {
                  "value": "MYSQL_PASSWORD",
                  "type": "string"
                }
              }
            ],
            [
              {
                "type": "get_attr",
                "value": "custom_domain_verification_id"
              }
            ],
            [
              {
                "type": "get_attr",
                "value": "site_config"
              },
              {
                "type": "index",
                "value": {
                  "value": 0,
                  "type": "number"
                }
              },
              {
                "type": "get_attr",
                "value": "application_stack"
              },
              {
                "type": "index",
                "value": {
                  "value": 0,
                  "type": "number"
                }
              },
              {
                "type": "get_attr",
                "value": "docker_registry_password"
              }
            ],
            [
              {
                "type": "get_attr",
                "value": "site_credential"
              }
            ]
          ],
          "identity_schema_version": 0,
          "private": "eyJlMmJmYjczMC1lY2FhLTExZTYtOGY4OC0zNDM2M2JjN2M0YzAiOnsiY3JlYXRlIjoxODAwMDAwMDAwMDAwLCJkZWxldGUiOjE4MDAwMDAwMDAwMDAsInJlYWQiOjMwMDAwMDAwMDAwMCwidXBkYXRlIjoxODAwMDAwMDAwMDAwfSwic2NoZW1hX3ZlcnNpb24iOiIxIn0=",
          "dependencies": [
            "azurerm_mysql_flexible_database.mysql_db",
            "azurerm_mysql_flexible_server.mysql_server",
            "azurerm_resource_group.rg",
            "azurerm_service_plan.app_plan"
          ]
        }
      ]
    },
    {
      "mode": "managed",
      "type": "azurerm_mysql_flexible_database",
      "name": "mysql_db",
      "provider": "provider[\"registry.terraform.io/hashicorp/azurerm\"]",
      "instances": [
        {
          "schema_version": 0,
          "attributes": {
            "charset": "utf8mb3",
            "collation": "utf8mb3_general_ci",
            "id": "/subscriptions/6fc13d10-c1bf-4274-8d91-68859a20ab08/resourceGroups/rg-test-infra/providers/Microsoft.DBforMySQL/flexibleServers/mysql-server-hamza-001/databases/dbtest1",
            "name": "dbtest1",
            "resource_group_name": "rg-test-infra",
            "server_name": "mysql-server-hamza-001",
            "timeouts": null
          },
          "sensitive_attributes": [],
          "identity_schema_version": 0,
          "private": "eyJlMmJmYjczMC1lY2FhLTExZTYtOGY4OC0zNDM2M2JjN2M0YzAiOnsiY3JlYXRlIjozNjAwMDAwMDAwMDAwLCJkZWxldGUiOjM2MDAwMDAwMDAwMDAsInJlYWQiOjMwMDAwMDAwMDAwMH19",
          "dependencies": [
            "azurerm_mysql_flexible_server.mysql_server",
            "azurerm_resource_group.rg"
          ]
        }
      ]
    },
    {
      "mode": "managed",
      "type": "azurerm_mysql_flexible_server",
      "name": "mysql_server",
      "provider": "provider[\"registry.terraform.io/hashicorp/azurerm\"]",
      "instances": [
        {
          "schema_version": 0,
          "attributes": {
            "administrator_login": "hamza",
            "administrator_password": "Hamza@123321",
            "administrator_password_wo": null,
            "administrator_password_wo_version": 0,
            "backup_retention_days": 7,
            "create_mode": null,
            "customer_managed_key": [],
            "delegated_subnet_id": "",
            "fqdn": "mysql-server-hamza-001.mysql.database.azure.com",
            "geo_redundant_backup_enabled": false,
            "high_availability": [],
            "id": "/subscriptions/6fc13d10-c1bf-4274-8d91-68859a20ab08/resourceGroups/rg-test-infra/providers/Microsoft.DBforMySQL/flexibleServers/mysql-server-hamza-001",
            "identity": [],
            "location": "francecentral",
            "maintenance_window": [],
            "name": "mysql-server-hamza-001",
            "point_in_time_restore_time_in_utc": null,
            "private_dns_zone_id": "",
            "public_network_access": "Enabled",
            "public_network_access_enabled": true,
            "replica_capacity": 10,
            "replication_role": "None",
            "resource_group_name": "rg-test-infra",
            "sku_name": "B_Standard_B1ms",
            "source_server_id": "",
            "storage": [
              {
                "auto_grow_enabled": true,
                "io_scaling_enabled": false,
                "iops": 396,
                "log_on_disk_enabled": false,
                "size_gb": 32
              }
            ],
            "tags": {
              "created by ": "hssaini hamza"
            },
            "timeouts": null,
            "version": "8.0.21",
            "zone": ""
          },
          "sensitive_attributes": [
            [
              {
                "type": "get_attr",
                "value": "administrator_password"
              }
            ]
          ],
          "identity_schema_version": 0,
          "private": "eyJlMmJmYjczMC1lY2FhLTExZTYtOGY4OC0zNDM2M2JjN2M0YzAiOnsiY3JlYXRlIjo3MjAwMDAwMDAwMDAwLCJkZWxldGUiOjM2MDAwMDAwMDAwMDAsInJlYWQiOjMwMDAwMDAwMDAwMCwidXBkYXRlIjo3MjAwMDAwMDAwMDAwfX0=",
          "dependencies": [
            "azurerm_resource_group.rg"
          ]
        }
      ]
    },
    {
      "mode": "managed",
      "type": "azurerm_resource_group",
      "name": "rg",
      "provider": "provider[\"registry.terraform.io/hashicorp/azurerm\"]",
      "instances": [
        {
          "schema_version": 0,
          "attributes": {
            "id": "/subscriptions/6fc13d10-c1bf-4274-8d91-68859a20ab08/resourceGroups/rg-test-infra",
            "location": "francecentral",
            "managed_by": "",
            "name": "rg-test-infra",
            "tags": {},
            "timeouts": null
          },
          "sensitive_attributes": [],
          "identity_schema_version": 0,
          "private": "eyJlMmJmYjczMC1lY2FhLTExZTYtOGY4OC0zNDM2M2JjN2M0YzAiOnsiY3JlYXRlIjo1NDAwMDAwMDAwMDAwLCJkZWxldGUiOjU0MDAwMDAwMDAwMDAsInJlYWQiOjMwMDAwMDAwMDAwMCwidXBkYXRlIjo1NDAwMDAwMDAwMDAwfX0="
        }
      ]
    },
    {
      "mode": "managed",
      "type": "azurerm_service_plan",
      "name": "app_plan",
      "provider": "provider[\"registry.terraform.io/hashicorp/azurerm\"]",
      "instances": [
        {
          "schema_version": 1,
          "attributes": {
            "app_service_environment_id": "",
            "id": "/subscriptions/6fc13d10-c1bf-4274-8d91-68859a20ab08/resourceGroups/rg-test-infra/providers/Microsoft.Web/serverFarms/mig-plan1",
            "kind": "linux",
            "location": "francecentral",
            "maximum_elastic_worker_count": 1,
            "name": "mig-plan1",
            "os_type": "Linux",
            "per_site_scaling_enabled": false,
            "premium_plan_auto_scale_enabled": false,
            "reserved": true,
            "resource_group_name": "rg-test-infra",
            "sku_name": "B1",
            "tags": {
              "created by ": "hssaini hamza"
            },
            "timeouts": null,
            "worker_count": 1,
            "zone_balancing_enabled": false
          },
          "sensitive_attributes": [],
          "identity_schema_version": 0,
          "private": "eyJlMmJmYjczMC1lY2FhLTExZTYtOGY4OC0zNDM2M2JjN2M0YzAiOnsiY3JlYXRlIjozNjAwMDAwMDAwMDAwLCJkZWxldGUiOjM2MDAwMDAwMDAwMDAsInJlYWQiOjMwMDAwMDAwMDAwMCwidXBkYXRlIjozNjAwMDAwMDAwMDAwfSwic2NoZW1hX3ZlcnNpb24iOiIxIn0=",
          "dependencies": [
            "azurerm_resource_group.rg"
          ]
        }
      ]
    }
  ],
  "check_results": null
}
